// !$*UTF8*$!
{
	archiveVersion = 1;
	classes = {
	};
	objectVersion = 46;
	objects = {

/* Begin PBXBuildFile section */
		54120BB4B40E96DDECAB6D5C /* Pods_ReactiveBet.framework in Frameworks */ = {isa = PBXBuildFile; fileRef = 3B5A77E68F617279039EFAD5 /* Pods_ReactiveBet.framework */; };
		FE215BD71F67106F00F84061 /* ColorScheme.swift in Sources */ = {isa = PBXBuildFile; fileRef = FE215BD61F67106F00F84061 /* ColorScheme.swift */; };
		FE215BD91F67109000F84061 /* FontScheme.swift in Sources */ = {isa = PBXBuildFile; fileRef = FE215BD81F67109000F84061 /* FontScheme.swift */; };
		FE215BDB1F67110C00F84061 /* UIColorExtension.swift in Sources */ = {isa = PBXBuildFile; fileRef = FE215BDA1F67110C00F84061 /* UIColorExtension.swift */; };
		FE215BDE1F67114C00F84061 /* StringExtension.swift in Sources */ = {isa = PBXBuildFile; fileRef = FE215BDD1F67114C00F84061 /* StringExtension.swift */; };
		FE215BE31F671BA100F84061 /* ChallengeViewController.swift in Sources */ = {isa = PBXBuildFile; fileRef = FE215BE21F671BA100F84061 /* ChallengeViewController.swift */; };
		FE215BE51F671BAE00F84061 /* ActivityViewController.swift in Sources */ = {isa = PBXBuildFile; fileRef = FE215BE41F671BAE00F84061 /* ActivityViewController.swift */; };
		FE215BE71F671BBD00F84061 /* LeaderBoardViewController.swift in Sources */ = {isa = PBXBuildFile; fileRef = FE215BE61F671BBD00F84061 /* LeaderBoardViewController.swift */; };
		FE215BE91F671C1400F84061 /* HeaderView.swift in Sources */ = {isa = PBXBuildFile; fileRef = FE215BE81F671C1400F84061 /* HeaderView.swift */; };
		FE215BEB1F671C2500F84061 /* ActivityView.swift in Sources */ = {isa = PBXBuildFile; fileRef = FE215BEA1F671C2500F84061 /* ActivityView.swift */; };
		FE43FE341F67F1D200F53748 /* ChatTableViewCell.swift in Sources */ = {isa = PBXBuildFile; fileRef = FE43FE331F67F1D200F53748 /* ChatTableViewCell.swift */; };
		FE43FE361F67FA4500F53748 /* ActivityViewModel.swift in Sources */ = {isa = PBXBuildFile; fileRef = FE43FE351F67FA4500F53748 /* ActivityViewModel.swift */; };
		FE43FE3A1F680BF400F53748 /* UserTableViewCell.swift in Sources */ = {isa = PBXBuildFile; fileRef = FE43FE391F680BF400F53748 /* UserTableViewCell.swift */; };
		FE43FE3C1F680D3700F53748 /* LeaderViewModel.swift in Sources */ = {isa = PBXBuildFile; fileRef = FE43FE3B1F680D3700F53748 /* LeaderViewModel.swift */; };
		FE43FE3E1F68151100F53748 /* TextInputView.swift in Sources */ = {isa = PBXBuildFile; fileRef = FE43FE3D1F68151100F53748 /* TextInputView.swift */; };
		FE5E73D91F670E9100DB3228 /* AppDelegate.swift in Sources */ = {isa = PBXBuildFile; fileRef = FE5E73D81F670E9100DB3228 /* AppDelegate.swift */; };
		FE5E73DE1F670E9100DB3228 /* Main.storyboard in Resources */ = {isa = PBXBuildFile; fileRef = FE5E73DC1F670E9100DB3228 /* Main.storyboard */; };
		FE5E73E01F670E9100DB3228 /* Assets.xcassets in Resources */ = {isa = PBXBuildFile; fileRef = FE5E73DF1F670E9100DB3228 /* Assets.xcassets */; };
		FE5E73E31F670E9100DB3228 /* LaunchScreen.storyboard in Resources */ = {isa = PBXBuildFile; fileRef = FE5E73E11F670E9100DB3228 /* LaunchScreen.storyboard */; };
		FEF100351F67309700FADCD2 /* Challenge.swift in Sources */ = {isa = PBXBuildFile; fileRef = FEF100341F67309700FADCD2 /* Challenge.swift */; };
		FEF100371F6730A700FADCD2 /* User.swift in Sources */ = {isa = PBXBuildFile; fileRef = FEF100361F6730A700FADCD2 /* User.swift */; };
		FEF100391F67312E00FADCD2 /* ChallengeViewModel.swift in Sources */ = {isa = PBXBuildFile; fileRef = FEF100381F67312E00FADCD2 /* ChallengeViewModel.swift */; };
/* End PBXBuildFile section */

/* Begin PBXFileReference section */
		3B5A77E68F617279039EFAD5 /* Pods_ReactiveBet.framework */ = {isa = PBXFileReference; explicitFileType = wrapper.framework; includeInIndex = 0; path = Pods_ReactiveBet.framework; sourceTree = BUILT_PRODUCTS_DIR; };
		81E253DEC3A32CD5D7135EE6 /* Pods-ReactiveBet.release.xcconfig */ = {isa = PBXFileReference; includeInIndex = 1; lastKnownFileType = text.xcconfig; name = "Pods-ReactiveBet.release.xcconfig"; path = "Pods/Target Support Files/Pods-ReactiveBet/Pods-ReactiveBet.release.xcconfig"; sourceTree = "<group>"; };
		EAC22FB246486864D1E8C0DE /* Pods-ReactiveBet.debug.xcconfig */ = {isa = PBXFileReference; includeInIndex = 1; lastKnownFileType = text.xcconfig; name = "Pods-ReactiveBet.debug.xcconfig"; path = "Pods/Target Support Files/Pods-ReactiveBet/Pods-ReactiveBet.debug.xcconfig"; sourceTree = "<group>"; };
		FE215BD61F67106F00F84061 /* ColorScheme.swift */ = {isa = PBXFileReference; fileEncoding = 4; lastKnownFileType = sourcecode.swift; path = ColorScheme.swift; sourceTree = "<group>"; };
		FE215BD81F67109000F84061 /* FontScheme.swift */ = {isa = PBXFileReference; fileEncoding = 4; lastKnownFileType = sourcecode.swift; path = FontScheme.swift; sourceTree = "<group>"; };
		FE215BDA1F67110C00F84061 /* UIColorExtension.swift */ = {isa = PBXFileReference; fileEncoding = 4; lastKnownFileType = sourcecode.swift; path = UIColorExtension.swift; sourceTree = "<group>"; };
		FE215BDD1F67114C00F84061 /* StringExtension.swift */ = {isa = PBXFileReference; fileEncoding = 4; lastKnownFileType = sourcecode.swift; path = StringExtension.swift; sourceTree = "<group>"; };
		FE215BE21F671BA100F84061 /* ChallengeViewController.swift */ = {isa = PBXFileReference; fileEncoding = 4; lastKnownFileType = sourcecode.swift; path = ChallengeViewController.swift; sourceTree = "<group>"; };
		FE215BE41F671BAE00F84061 /* ActivityViewController.swift */ = {isa = PBXFileReference; fileEncoding = 4; lastKnownFileType = sourcecode.swift; path = ActivityViewController.swift; sourceTree = "<group>"; };
		FE215BE61F671BBD00F84061 /* LeaderBoardViewController.swift */ = {isa = PBXFileReference; fileEncoding = 4; lastKnownFileType = sourcecode.swift; path = LeaderBoardViewController.swift; sourceTree = "<group>"; };
		FE215BE81F671C1400F84061 /* HeaderView.swift */ = {isa = PBXFileReference; fileEncoding = 4; lastKnownFileType = sourcecode.swift; path = HeaderView.swift; sourceTree = "<group>"; };
		FE215BEA1F671C2500F84061 /* ActivityView.swift */ = {isa = PBXFileReference; fileEncoding = 4; lastKnownFileType = sourcecode.swift; path = ActivityView.swift; sourceTree = "<group>"; };
		FE43FE331F67F1D200F53748 /* ChatTableViewCell.swift */ = {isa = PBXFileReference; fileEncoding = 4; lastKnownFileType = sourcecode.swift; path = ChatTableViewCell.swift; sourceTree = "<group>"; };
		FE43FE351F67FA4500F53748 /* ActivityViewModel.swift */ = {isa = PBXFileReference; fileEncoding = 4; lastKnownFileType = sourcecode.swift; path = ActivityViewModel.swift; sourceTree = "<group>"; };
		FE43FE391F680BF400F53748 /* UserTableViewCell.swift */ = {isa = PBXFileReference; fileEncoding = 4; lastKnownFileType = sourcecode.swift; path = UserTableViewCell.swift; sourceTree = "<group>"; };
		FE43FE3B1F680D3700F53748 /* LeaderViewModel.swift */ = {isa = PBXFileReference; fileEncoding = 4; lastKnownFileType = sourcecode.swift; path = LeaderViewModel.swift; sourceTree = "<group>"; };
		FE43FE3D1F68151100F53748 /* TextInputView.swift */ = {isa = PBXFileReference; fileEncoding = 4; lastKnownFileType = sourcecode.swift; path = TextInputView.swift; sourceTree = "<group>"; };
		FE5E73D51F670E9100DB3228 /* ReactiveBet.app */ = {isa = PBXFileReference; explicitFileType = wrapper.application; includeInIndex = 0; path = ReactiveBet.app; sourceTree = BUILT_PRODUCTS_DIR; };
		FE5E73D81F670E9100DB3228 /* AppDelegate.swift */ = {isa = PBXFileReference; lastKnownFileType = sourcecode.swift; path = AppDelegate.swift; sourceTree = "<group>"; };
		FE5E73DD1F670E9100DB3228 /* Base */ = {isa = PBXFileReference; lastKnownFileType = file.storyboard; name = Base; path = Base.lproj/Main.storyboard; sourceTree = "<group>"; };
		FE5E73DF1F670E9100DB3228 /* Assets.xcassets */ = {isa = PBXFileReference; lastKnownFileType = folder.assetcatalog; path = Assets.xcassets; sourceTree = "<group>"; };
		FE5E73E21F670E9100DB3228 /* Base */ = {isa = PBXFileReference; lastKnownFileType = file.storyboard; name = Base; path = Base.lproj/LaunchScreen.storyboard; sourceTree = "<group>"; };
		FE5E73E41F670E9100DB3228 /* Info.plist */ = {isa = PBXFileReference; lastKnownFileType = text.plist.xml; path = Info.plist; sourceTree = "<group>"; };
		FEF100341F67309700FADCD2 /* Challenge.swift */ = {isa = PBXFileReference; fileEncoding = 4; lastKnownFileType = sourcecode.swift; path = Challenge.swift; sourceTree = "<group>"; };
		FEF100361F6730A700FADCD2 /* User.swift */ = {isa = PBXFileReference; fileEncoding = 4; lastKnownFileType = sourcecode.swift; path = User.swift; sourceTree = "<group>"; };
		FEF100381F67312E00FADCD2 /* ChallengeViewModel.swift */ = {isa = PBXFileReference; fileEncoding = 4; lastKnownFileType = sourcecode.swift; path = ChallengeViewModel.swift; sourceTree = "<group>"; };
/* End PBXFileReference section */

/* Begin PBXFrameworksBuildPhase section */
		FE5E73D21F670E9100DB3228 /* Frameworks */ = {
			isa = PBXFrameworksBuildPhase;
			buildActionMask = 2147483647;
			files = (
				54120BB4B40E96DDECAB6D5C /* Pods_ReactiveBet.framework in Frameworks */,
			);
			runOnlyForDeploymentPostprocessing = 0;
		};
/* End PBXFrameworksBuildPhase section */

/* Begin PBXGroup section */
		755FCE355B73D176124DCF3B /* Pods */ = {
			isa = PBXGroup;
			children = (
				EAC22FB246486864D1E8C0DE /* Pods-ReactiveBet.debug.xcconfig */,
				81E253DEC3A32CD5D7135EE6 /* Pods-ReactiveBet.release.xcconfig */,
			);
			name = Pods;
			sourceTree = "<group>";
		};
		AF78ADD807EFF4B99DC5847F /* Frameworks */ = {
			isa = PBXGroup;
			children = (
				3B5A77E68F617279039EFAD5 /* Pods_ReactiveBet.framework */,
			);
			name = Frameworks;
			sourceTree = "<group>";
		};
		FE215BD41F670F3A00F84061 /* ChallengeScene */ = {
			isa = PBXGroup;
			children = (
				FE215BE11F67159000F84061 /* Views */,
				FE215BE01F67158A00F84061 /* Models */,
				FE215BDF1F6711C900F84061 /* ViewModels */,
			);
			name = ChallengeScene;
			sourceTree = "<group>";
		};
		FE215BD51F67103700F84061 /* Helper */ = {
			isa = PBXGroup;
			children = (
				FE215BD61F67106F00F84061 /* ColorScheme.swift */,
				FE215BD81F67109000F84061 /* FontScheme.swift */,
				FE215BDC1F67113A00F84061 /* Extensions */,
			);
			name = Helper;
			sourceTree = "<group>";
		};
		FE215BDC1F67113A00F84061 /* Extensions */ = {
			isa = PBXGroup;
			children = (
				FE215BDA1F67110C00F84061 /* UIColorExtension.swift */,
				FE215BDD1F67114C00F84061 /* StringExtension.swift */,
			);
			name = Extensions;
			sourceTree = "<group>";
		};
		FE215BDF1F6711C900F84061 /* ViewModels */ = {
			isa = PBXGroup;
			children = (
				FEF100381F67312E00FADCD2 /* ChallengeViewModel.swift */,
				FE43FE351F67FA4500F53748 /* ActivityViewModel.swift */,
				FE43FE3B1F680D3700F53748 /* LeaderViewModel.swift */,
			);
			name = ViewModels;
			sourceTree = "<group>";
		};
		FE215BE01F67158A00F84061 /* Models */ = {
			isa = PBXGroup;
			children = (
				FEF100341F67309700FADCD2 /* Challenge.swift */,
				FEF100361F6730A700FADCD2 /* User.swift */,
			);
			name = Models;
			sourceTree = "<group>";
		};
		FE215BE11F67159000F84061 /* Views */ = {
			isa = PBXGroup;
			children = (
				FE215BE21F671BA100F84061 /* ChallengeViewController.swift */,
				FE215BE41F671BAE00F84061 /* ActivityViewController.swift */,
				FE215BE61F671BBD00F84061 /* LeaderBoardViewController.swift */,
				FE215BE81F671C1400F84061 /* HeaderView.swift */,
				FE215BEA1F671C2500F84061 /* ActivityView.swift */,
				FE43FE3D1F68151100F53748 /* TextInputView.swift */,
				FE43FE321F67F0BE00F53748 /* Cells */,
			);
			name = Views;
			sourceTree = "<group>";
		};
		FE43FE321F67F0BE00F53748 /* Cells */ = {
			isa = PBXGroup;
			children = (
				FE43FE331F67F1D200F53748 /* ChatTableViewCell.swift */,
				FE43FE391F680BF400F53748 /* UserTableViewCell.swift */,
			);
			name = Cells;
			sourceTree = "<group>";
		};
		FE5E73CC1F670E9100DB3228 = {
			isa = PBXGroup;
			children = (
				FE5E73D71F670E9100DB3228 /* ReactiveBet */,
				FE5E73D61F670E9100DB3228 /* Products */,
				755FCE355B73D176124DCF3B /* Pods */,
				AF78ADD807EFF4B99DC5847F /* Frameworks */,
			);
			sourceTree = "<group>";
		};
		FE5E73D61F670E9100DB3228 /* Products */ = {
			isa = PBXGroup;
			children = (
				FE5E73D51F670E9100DB3228 /* ReactiveBet.app */,
			);
			name = Products;
			sourceTree = "<group>";
		};
		FE5E73D71F670E9100DB3228 /* ReactiveBet */ = {
			isa = PBXGroup;
			children = (
				FE215BD41F670F3A00F84061 /* ChallengeScene */,
				FE5E73D81F670E9100DB3228 /* AppDelegate.swift */,
				FE5E73DC1F670E9100DB3228 /* Main.storyboard */,
				FE5E73DF1F670E9100DB3228 /* Assets.xcassets */,
				FE5E73E11F670E9100DB3228 /* LaunchScreen.storyboard */,
				FE5E73E41F670E9100DB3228 /* Info.plist */,
				FE215BD51F67103700F84061 /* Helper */,
			);
			path = ReactiveBet;
			sourceTree = "<group>";
		};
/* End PBXGroup section */

/* Begin PBXNativeTarget section */
		FE5E73D41F670E9100DB3228 /* ReactiveBet */ = {
			isa = PBXNativeTarget;
			buildConfigurationList = FE5E73E71F670E9100DB3228 /* Build configuration list for PBXNativeTarget "ReactiveBet" */;
			buildPhases = (
				575FA2275885CAF5FCBA3600 /* [CP] Check Pods Manifest.lock */,
				FE5E73D11F670E9100DB3228 /* Sources */,
				FE5E73D21F670E9100DB3228 /* Frameworks */,
				FE5E73D31F670E9100DB3228 /* Resources */,
				11A33DBC0AAD5465FE0C7945 /* [CP] Embed Pods Frameworks */,
				B2EC59D878041F2FF9C890FD /* [CP] Copy Pods Resources */,
			);
			buildRules = (
			);
			dependencies = (
			);
			name = ReactiveBet;
			productName = ReactiveBet;
			productReference = FE5E73D51F670E9100DB3228 /* ReactiveBet.app */;
			productType = "com.apple.product-type.application";
		};
/* End PBXNativeTarget section */

/* Begin PBXProject section */
		FE5E73CD1F670E9100DB3228 /* Project object */ = {
			isa = PBXProject;
			attributes = {
				LastSwiftUpdateCheck = 0830;
				LastUpgradeCheck = 0830;
				ORGANIZATIONNAME = "Artem Lyksa";
				TargetAttributes = {
					FE5E73D41F670E9100DB3228 = {
						CreatedOnToolsVersion = 8.3.3;
						DevelopmentTeam = 3HY885L7L9;
						ProvisioningStyle = Automatic;
					};
				};
			};
			buildConfigurationList = FE5E73D01F670E9100DB3228 /* Build configuration list for PBXProject "ReactiveBet" */;
			compatibilityVersion = "Xcode 3.2";
			developmentRegion = English;
			hasScannedForEncodings = 0;
			knownRegions = (
				en,
				Base,
			);
			mainGroup = FE5E73CC1F670E9100DB3228;
			productRefGroup = FE5E73D61F670E9100DB3228 /* Products */;
			projectDirPath = "";
			projectRoot = "";
			targets = (
				FE5E73D41F670E9100DB3228 /* ReactiveBet */,
			);
		};
/* End PBXProject section */

/* Begin PBXResourcesBuildPhase section */
		FE5E73D31F670E9100DB3228 /* Resources */ = {
			isa = PBXResourcesBuildPhase;
			buildActionMask = 2147483647;
			files = (
				FE5E73E31F670E9100DB3228 /* LaunchScreen.storyboard in Resources */,
				FE5E73E01F670E9100DB3228 /* Assets.xcassets in Resources */,
				FE5E73DE1F670E9100DB3228 /* Main.storyboard in Resources */,
			);
			runOnlyForDeploymentPostprocessing = 0;
		};
/* End PBXResourcesBuildPhase section */

/* Begin PBXShellScriptBuildPhase section */
		11A33DBC0AAD5465FE0C7945 /* [CP] Embed Pods Frameworks */ = {
			isa = PBXShellScriptBuildPhase;
			buildActionMask = 2147483647;
			files = (
			);
			inputPaths = (
				"${SRCROOT}/Pods/Target Support Files/Pods-ReactiveBet/Pods-ReactiveBet-frameworks.sh",
				"${BUILT_PRODUCTS_DIR}/Action/Action.framework",
				"${BUILT_PRODUCTS_DIR}/RxCocoa/RxCocoa.framework",
				"${BUILT_PRODUCTS_DIR}/RxDataSources/RxDataSources.framework",
				"${BUILT_PRODUCTS_DIR}/RxKeyboard/RxKeyboard.framework",
				"${BUILT_PRODUCTS_DIR}/RxSwift/RxSwift.framework",
			);
			name = "[CP] Embed Pods Frameworks";
			outputPaths = (
				"${TARGET_BUILD_DIR}/${FRAMEWORKS_FOLDER_PATH}/Action.framework",
				"${TARGET_BUILD_DIR}/${FRAMEWORKS_FOLDER_PATH}/RxCocoa.framework",
				"${TARGET_BUILD_DIR}/${FRAMEWORKS_FOLDER_PATH}/RxDataSources.framework",
				"${TARGET_BUILD_DIR}/${FRAMEWORKS_FOLDER_PATH}/RxKeyboard.framework",
				"${TARGET_BUILD_DIR}/${FRAMEWORKS_FOLDER_PATH}/RxSwift.framework",
			);
			runOnlyForDeploymentPostprocessing = 0;
			shellPath = /bin/sh;
			shellScript = "\"${SRCROOT}/Pods/Target Support Files/Pods-ReactiveBet/Pods-ReactiveBet-frameworks.sh\"\n";
			showEnvVarsInLog = 0;
		};
		575FA2275885CAF5FCBA3600 /* [CP] Check Pods Manifest.lock */ = {
			isa = PBXShellScriptBuildPhase;
			buildActionMask = 2147483647;
			files = (
			);
			inputPaths = (
				"${PODS_PODFILE_DIR_PATH}/Podfile.lock",
				"${PODS_ROOT}/Manifest.lock",
			);
			name = "[CP] Check Pods Manifest.lock";
			outputPaths = (
				"$(DERIVED_FILE_DIR)/Pods-ReactiveBet-checkManifestLockResult.txt",
			);
			runOnlyForDeploymentPostprocessing = 0;
			shellPath = /bin/sh;
			shellScript = "diff \"${PODS_PODFILE_DIR_PATH}/Podfile.lock\" \"${PODS_ROOT}/Manifest.lock\" > /dev/null\nif [ $? != 0 ] ; then\n    # print error to STDERR\n    echo \"error: The sandbox is not in sync with the Podfile.lock. Run 'pod install' or update your CocoaPods installation.\" >&2\n    exit 1\nfi\n# This output is used by Xcode 'outputs' to avoid re-running this script phase.\necho \"SUCCESS\" > \"${SCRIPT_OUTPUT_FILE_0}\"\n";
			showEnvVarsInLog = 0;
		};
		B2EC59D878041F2FF9C890FD /* [CP] Copy Pods Resources */ = {
			isa = PBXShellScriptBuildPhase;
			buildActionMask = 2147483647;
			files = (
			);
			inputPaths = (
			);
			name = "[CP] Copy Pods Resources";
			outputPaths = (
			);
			runOnlyForDeploymentPostprocessing = 0;
			shellPath = /bin/sh;
			shellScript = "\"${SRCROOT}/Pods/Target Support Files/Pods-ReactiveBet/Pods-ReactiveBet-resources.sh\"\n";
			showEnvVarsInLog = 0;
		};
/* End PBXShellScriptBuildPhase section */

/* Begin PBXSourcesBuildPhase section */
		FE5E73D11F670E9100DB3228 /* Sources */ = {
			isa = PBXSourcesBuildPhase;
			buildActionMask = 2147483647;
			files = (
				FE215BD71F67106F00F84061 /* ColorScheme.swift in Sources */,
				FE43FE3C1F680D3700F53748 /* LeaderViewModel.swift in Sources */,
				FE215BE91F671C1400F84061 /* HeaderView.swift in Sources */,
				FE5E73D91F670E9100DB3228 /* AppDelegate.swift in Sources */,
				FE215BEB1F671C2500F84061 /* ActivityView.swift in Sources */,
				FE43FE3A1F680BF400F53748 /* UserTableViewCell.swift in Sources */,
				FEF100351F67309700FADCD2 /* Challenge.swift in Sources */,
				FE43FE361F67FA4500F53748 /* ActivityViewModel.swift in Sources */,
				FE43FE3E1F68151100F53748 /* TextInputView.swift in Sources */,
				FE215BDE1F67114C00F84061 /* StringExtension.swift in Sources */,
				FE215BD91F67109000F84061 /* FontScheme.swift in Sources */,
				FE215BE51F671BAE00F84061 /* ActivityViewController.swift in Sources */,
				FEF100371F6730A700FADCD2 /* User.swift in Sources */,
				FE215BE31F671BA100F84061 /* ChallengeViewController.swift in Sources */,
				FE215BE71F671BBD00F84061 /* LeaderBoardViewController.swift in Sources */,
				FE43FE341F67F1D200F53748 /* ChatTableViewCell.swift in Sources */,
				FE215BDB1F67110C00F84061 /* UIColorExtension.swift in Sources */,
				FEF100391F67312E00FADCD2 /* ChallengeViewModel.swift in Sources */,
			);
			runOnlyForDeploymentPostprocessing = 0;
		};
/* End PBXSourcesBuildPhase section */

/* Begin PBXVariantGroup section */
		FE5E73DC1F670E9100DB3228 /* Main.storyboard */ = {
			isa = PBXVariantGroup;
			children = (
				FE5E73DD1F670E9100DB3228 /* Base */,
			);
			name = Main.storyboard;
			sourceTree = "<group>";
		};
		FE5E73E11F670E9100DB3228 /* LaunchScreen.storyboard */ = {
			isa = PBXVariantGroup;
			children = (
				FE5E73E21F670E9100DB3228 /* Base */,
			);
			name = LaunchScreen.storyboard;
			sourceTree = "<group>";
		};
/* End PBXVariantGroup section */

/* Begin XCBuildConfiguration section */
		FE5E73E51F670E9100DB3228 /* Debug */ = {
			isa = XCBuildConfiguration;
			buildSettings = {
				ALWAYS_SEARCH_USER_PATHS = NO;
				CLANG_ANALYZER_NONNULL = YES;
				CLANG_ANALYZER_NUMBER_OBJECT_CONVERSION = YES_AGGRESSIVE;
				CLANG_CXX_LANGUAGE_STANDARD = "gnu++0x";
				CLANG_CXX_LIBRARY = "libc++";
				CLANG_ENABLE_MODULES = YES;
				CLANG_ENABLE_OBJC_ARC = YES;
				CLANG_WARN_BOOL_CONVERSION = YES;
				CLANG_WARN_CONSTANT_CONVERSION = YES;
				CLANG_WARN_DIRECT_OBJC_ISA_USAGE = YES_ERROR;
				CLANG_WARN_DOCUMENTATION_COMMENTS = YES;
				CLANG_WARN_EMPTY_BODY = YES;
				CLANG_WARN_ENUM_CONVERSION = YES;
				CLANG_WARN_INFINITE_RECURSION = YES;
				CLANG_WARN_INT_CONVERSION = YES;
				CLANG_WARN_OBJC_ROOT_CLASS = YES_ERROR;
				CLANG_WARN_SUSPICIOUS_MOVE = YES;
				CLANG_WARN_UNREACHABLE_CODE = YES;
				CLANG_WARN__DUPLICATE_METHOD_MATCH = YES;
				"CODE_SIGN_IDENTITY[sdk=iphoneos*]" = "iPhone Developer";
				COPY_PHASE_STRIP = NO;
				DEBUG_INFORMATION_FORMAT = dwarf;
				ENABLE_STRICT_OBJC_MSGSEND = YES;
				ENABLE_TESTABILITY = YES;
				GCC_C_LANGUAGE_STANDARD = gnu99;
				GCC_DYNAMIC_NO_PIC = NO;
				GCC_NO_COMMON_BLOCKS = YES;
				GCC_OPTIMIZATION_LEVEL = 0;
				GCC_PREPROCESSOR_DEFINITIONS = (
					"DEBUG=1",
					"$(inherited)",
				);
				GCC_WARN_64_TO_32_BIT_CONVERSION = YES;
				GCC_WARN_ABOUT_RETURN_TYPE = YES_ERROR;
				GCC_WARN_UNDECLARED_SELECTOR = YES;
				GCC_WARN_UNINITIALIZED_AUTOS = YES_AGGRESSIVE;
				GCC_WARN_UNUSED_FUNCTION = YES;
				GCC_WARN_UNUSED_VARIABLE = YES;
				IPHONEOS_DEPLOYMENT_TARGET = 10.3;
				MTL_ENABLE_DEBUG_INFO = YES;
				ONLY_ACTIVE_ARCH = YES;
				SDKROOT = iphoneos;
				SWIFT_ACTIVE_COMPILATION_CONDITIONS = DEBUG;
				SWIFT_OPTIMIZATION_LEVEL = "-Onone";
			};
			name = Debug;
		};
		FE5E73E61F670E9100DB3228 /* Release */ = {
			isa = XCBuildConfiguration;
			buildSettings = {
				ALWAYS_SEARCH_USER_PATHS = NO;
				CLANG_ANALYZER_NONNULL = YES;
				CLANG_ANALYZER_NUMBER_OBJECT_CONVERSION = YES_AGGRESSIVE;
				CLANG_CXX_LANGUAGE_STANDARD = "gnu++0x";
				CLANG_CXX_LIBRARY = "libc++";
				CLANG_ENABLE_MODULES = YES;
				CLANG_ENABLE_OBJC_ARC = YES;
				CLANG_WARN_BOOL_CONVERSION = YES;
				CLANG_WARN_CONSTANT_CONVERSION = YES;
				CLANG_WARN_DIRECT_OBJC_ISA_USAGE = YES_ERROR;
				CLANG_WARN_DOCUMENTATION_COMMENTS = YES;
				CLANG_WARN_EMPTY_BODY = YES;
				CLANG_WARN_ENUM_CONVERSION = YES;
				CLANG_WARN_INFINITE_RECURSION = YES;
				CLANG_WARN_INT_CONVERSION = YES;
				CLANG_WARN_OBJC_ROOT_CLASS = YES_ERROR;
				CLANG_WARN_SUSPICIOUS_MOVE = YES;
				CLANG_WARN_UNREACHABLE_CODE = YES;
				CLANG_WARN__DUPLICATE_METHOD_MATCH = YES;
				"CODE_SIGN_IDENTITY[sdk=iphoneos*]" = "iPhone Developer";
				COPY_PHASE_STRIP = NO;
				DEBUG_INFORMATION_FORMAT = "dwarf-with-dsym";
				ENABLE_NS_ASSERTIONS = NO;
				ENABLE_STRICT_OBJC_MSGSEND = YES;
				GCC_C_LANGUAGE_STANDARD = gnu99;
				GCC_NO_COMMON_BLOCKS = YES;
				GCC_WARN_64_TO_32_BIT_CONVERSION = YES;
				GCC_WARN_ABOUT_RETURN_TYPE = YES_ERROR;
				GCC_WARN_UNDECLARED_SELECTOR = YES;
				GCC_WARN_UNINITIALIZED_AUTOS = YES_AGGRESSIVE;
				GCC_WARN_UNUSED_FUNCTION = YES;
				GCC_WARN_UNUSED_VARIABLE = YES;
				IPHONEOS_DEPLOYMENT_TARGET = 10.3;
				MTL_ENABLE_DEBUG_INFO = NO;
				SDKROOT = iphoneos;
				SWIFT_OPTIMIZATION_LEVEL = "-Owholemodule";
				VALIDATE_PRODUCT = YES;
			};
			name = Release;
		};
		FE5E73E81F670E9100DB3228 /* Debug */ = {
			isa = XCBuildConfiguration;
			baseConfigurationReference = EAC22FB246486864D1E8C0DE /* Pods-ReactiveBet.debug.xcconfig */;
			buildSettings = {
				ASSETCATALOG_COMPILER_APPICON_NAME = AppIcon;
				DEVELOPMENT_TEAM = 3HY885L7L9;
				INFOPLIST_FILE = ReactiveBet/Info.plist;
				LD_RUNPATH_SEARCH_PATHS = "$(inherited) @executable_path/Frameworks";
				PRODUCT_BUNDLE_IDENTIFIER = RegionIT.ReactiveBet;
				PRODUCT_NAME = "$(TARGET_NAME)";
				SWIFT_VERSION = 3.0;
			};
			name = Debug;
		};
		FE5E73E91F670E9100DB3228 /* Release */ = {
			isa = XCBuildConfiguration;
			baseConfigurationReference = 81E253DEC3A32CD5D7135EE6 /* Pods-ReactiveBet.release.xcconfig */;
			buildSettings = {
				ASSETCATALOG_COMPILER_APPICON_NAME = AppIcon;
				DEVELOPMENT_TEAM = 3HY885L7L9;
				INFOPLIST_FILE = ReactiveBet/Info.plist;
				LD_RUNPATH_SEARCH_PATHS = "$(inherited) @executable_path/Frameworks";
				PRODUCT_BUNDLE_IDENTIFIER = RegionIT.ReactiveBet;
				PRODUCT_NAME = "$(TARGET_NAME)";
				SWIFT_VERSION = 3.0;
			};
			name = Release;
		};
/* End XCBuildConfiguration section */

/* Begin XCConfigurationList section */
		FE5E73D01F670E9100DB3228 /* Build configuration list for PBXProject "ReactiveBet" */ = {
			isa = XCConfigurationList;
			buildConfigurations = (
				FE5E73E51F670E9100DB3228 /* Debug */,
				FE5E73E61F670E9100DB3228 /* Release */,
			);
			defaultConfigurationIsVisible = 0;
			defaultConfigurationName = Release;
		};
		FE5E73E71F670E9100DB3228 /* Build configuration list for PBXNativeTarget "ReactiveBet" */ = {
			isa = XCConfigurationList;
			buildConfigurations = (
				FE5E73E81F670E9100DB3228 /* Debug */,
				FE5E73E91F670E9100DB3228 /* Release */,
			);
			defaultConfigurationIsVisible = 0;
			defaultConfigurationName = Release;
		};
/* End XCConfigurationList section */
	};
	rootObject = FE5E73CD1F670E9100DB3228 /* Project object */;
}
